{
  "name": "aluga-meu-ap",
  "version": "1.0.0",
  "lockfileVersion": 3,
  "requires": true,
  "packages": {
    "": {
      "name": "aluga-meu-ap",
      "version": "1.0.0",
      "license": "ISC",
      "dependencies": {
        "aluga-meu-ap": "file:"
      }
    },
    "node_modules/aluga-meu-ap": {
      "resolved": "",
      "link": true
    }
  }
}
